
Microsoft Visual Studio Solution File, Format Version 12.00
# Visual Studio Version 17
VisualStudioVersion = 17.5.33414.496
MinimumVisualStudioVersion = 10.0.40219.1
Project("{9A19103F-16F7-4668-BE54-9A1E7A4F7556}") = "P01_BillsPaymentSystem.Data", "P01_BillsPaymentSystem.Data\P01_BillsPaymentSystem.Data.csproj", "{6A1B41ED-7B66-4EEA-84D4-C10F836EA491}"
EndProject
Project("{9A19103F-16F7-4668-BE54-9A1E7A4F7556}") = "P01_BillsPaymentSystem.Data.Models", "P01_BillsPaymentSystem.Data.Models\P01_BillsPaymentSystem.Data.Models.csproj", "{73D7245F-07BF-42CB-BAFB-4E477EA33654}"
EndProject
Project("{9A19103F-16F7-4668-BE54-9A1E7A4F7556}") = "P01_BillsPaymentSystemAPI", "P01_BillsPaymentSystemAPI\P01_BillsPaymentSystemAPI.csproj", "{43744E4D-3941-42D3-B765-AC9EE432EC48}"
EndProject
Project("{FAE04EC0-301F-11D3-BF4B-00C04F79EFBC}") = "BillsPaymentSystemApp", "BillsPaymentSystemApp\BillsPaymentSystemApp.csproj", "{374F6906-4875-48A0-AB55-86EC4B47D2F6}"
EndProject
Global
	GlobalSection(SolutionConfigurationPlatforms) = preSolution
		Debug|Any CPU = Debug|Any CPU
		Release|Any CPU = Release|Any CPU
	EndGlobalSection
	GlobalSection(ProjectConfigurationPlatforms) = postSolution
		{6A1B41ED-7B66-4EEA-84D4-C10F836EA491}.Debug|Any CPU.ActiveCfg = Debug|Any CPU
		{6A1B41ED-7B66-4EEA-84D4-C10F836EA491}.Debug|Any CPU.Build.0 = Debug|Any CPU
		{6A1B41ED-7B66-4EEA-84D4-C10F836EA491}.Release|Any CPU.ActiveCfg = Release|Any CPU
		{6A1B41ED-7B66-4EEA-84D4-C10F836EA491}.Release|Any CPU.Build.0 = Release|Any CPU
		{73D7245F-07BF-42CB-BAFB-4E477EA33654}.Debug|Any CPU.ActiveCfg = Debug|Any CPU
		{73D7245F-07BF-42CB-BAFB-4E477EA33654}.Debug|Any CPU.Build.0 = Debug|Any CPU
		{73D7245F-07BF-42CB-BAFB-4E477EA33654}.Release|Any CPU.ActiveCfg = Release|Any CPU
		{73D7245F-07BF-42CB-BAFB-4E477EA33654}.Release|Any CPU.Build.0 = Release|Any CPU
		{43744E4D-3941-42D3-B765-AC9EE432EC48}.Debug|Any CPU.ActiveCfg = Debug|Any CPU
		{43744E4D-3941-42D3-B765-AC9EE432EC48}.Debug|Any CPU.Build.0 = Debug|Any CPU
		{43744E4D-3941-42D3-B765-AC9EE432EC48}.Release|Any CPU.ActiveCfg = Release|Any CPU
		{43744E4D-3941-42D3-B765-AC9EE432EC48}.Release|Any CPU.Build.0 = Release|Any CPU
		{374F6906-4875-48A0-AB55-86EC4B47D2F6}.Debug|Any CPU.ActiveCfg = Debug|Any CPU
		{374F6906-4875-48A0-AB55-86EC4B47D2F6}.Debug|Any CPU.Build.0 = Debug|Any CPU
		{374F6906-4875-48A0-AB55-86EC4B47D2F6}.Release|Any CPU.ActiveCfg = Release|Any CPU
		{374F6906-4875-48A0-AB55-86EC4B47D2F6}.Release|Any CPU.Build.0 = Release|Any CPU
	EndGlobalSection
	GlobalSection(SolutionProperties) = preSolution
		HideSolutionNode = FALSE
	EndGlobalSection
	GlobalSection(ExtensibilityGlobals) = postSolution
		SolutionGuid = {BF413D59-B4B7-44D9-8980-3F47D12CDB58}
	EndGlobalSection
EndGlobal
